{
  "name": "@wedo/code-tools",
  "version": "1.0.0",
  "lockfileVersion": 3,
  "requires": true,
  "packages": {
    "": {
      "name": "@wedo/code-tools",
      "version": "1.0.0",
      "license": "ISC",
      "devDependencies": {
        "@types/node": "^18.16.3"
      }
    },
    "../wedo-code": {
      "name": "@wedo/code",
      "version": "1.0.0",
      "extraneous": true,
      "license": "ISC",
      "devDependencies": {}
    },
    "node_modules/@types/node": {
      "version": "18.16.3",
      "resolved": "http://npm-reg.devops.ichoice.cc/@types%2fnode/-/node-18.16.3.tgz",
      "integrity": "sha512-OPs5WnnT1xkCBiuQrZA4+YAV4HEJejmHneyraIaxsbev5yCEr6KMwINNFP9wQeFIw8FWcoTqF3vQsa5CDaI+8Q==",
      "dev": true,
      "license": "MIT"
    }
  }
}
