# THIS IS AN AUTOGENERATED FILE. DO NOT EDIT THIS FILE DIRECTLY.
# yarn lockfile v1


"@types/node@^18.16.3":
  version "18.16.4"
  resolved "https://registry.npmmirror.com/@types/node/-/node-18.16.4.tgz#dfb38f0f3fb045fca84ffa7783233c63009d8a92"
  integrity sha512-LUhvPmAKAbgm+p/K11IWszLZVoZDlMF4NRmqbhEzDz/CnCuehPkZXwZbBCKGJsgjnuVejotBwM7B3Scrq4EqDw==
