# THIS IS AN AUTOGENERATED FILE. DO NOT EDIT THIS FILE DIRECTLY.
# yarn lockfile v1


"@wedo/meta@file:../wedo-meta":
  version "1.0.0"
  resolved "file:../wedo-meta"
  dependencies:
    immutable "^4.3.0"

"@wedo/utils@file:../wedo-utils":
  version "1.0.0"
  resolved "file:../wedo-utils"
  dependencies:
    rxjs "^7.8.0"

jsonschema@^1.4.1:
  version "1.4.1"
  resolved "http://npm-reg.devops.ichoice.cc/jsonschema/-/jsonschema-1.4.1.tgz"
  integrity sha512-S6cATIPVv1z0IlxdN+zUk5EPjkGCdnhN4wVSBlvoUO1tOLJootbo9CquNJmbIh4yikWHiUedhRYrNPn1arpEmQ==
