# THIS IS AN AUTOGENERATED FILE. DO NOT EDIT THIS FILE DIRECTLY.
# yarn lockfile v1


"@wedo/utils@file:../wedo-utils":
  "resolved" "file:../wedo-utils"
  "version" "1.0.0"
  dependencies:
    "rxjs" "^7.8.0"

"immutable@^4.3.0":
  "integrity" "sha512-0AOCmOip+xgJwEVTQj1EfiDDOkPmuyllDuTuEX+DDXUgapLAsBIfkg3sxCYyCEA8mQqZrrxPUGjcOQ2JS3WLkg=="
  "resolved" "http://npm-reg.devops.ichoice.cc/immutable/-/immutable-4.3.0.tgz"
  "version" "4.3.0"
