# THIS IS AN AUTOGENERATED FILE. DO NOT EDIT THIS FILE DIRECTLY.
# yarn lockfile v1


"@types/node@^18.16.2":
  version "18.16.2"
  resolved "http://npm-reg.devops.ichoice.cc/@types%2fnode/-/node-18.16.2.tgz#2f610ea71034b3971c312192377f8a7178eb57f1"
  integrity sha512-GQW/JL/5Fz/0I8RpeBG9lKp0+aNcXEaVL71c0D2Q0QHDTFvlYKT7an0onCUXj85anv7b4/WesqdfchLc0jtsCg==
